
Microsoft Visual Studio Solution File, Format Version 12.00
# Visual Studio Version 16
VisualStudioVersion = 16.0.30011.22
MinimumVisualStudioVersion = 10.0.40219.1
Project("{FAE04EC0-301F-11D3-BF4B-00C04F79EFBC}") = "Helper Extensions", "Helper Extensions\Helper Extensions.csproj", "{157CF8D5-C8D8-44EF-818D-940581EBADB4}"
EndProject
Global
	GlobalSection(SolutionConfigurationPlatforms) = preSolution
		Debug|Any CPU = Debug|Any CPU
		Release|Any CPU = Release|Any CPU
	EndGlobalSection
	GlobalSection(ProjectConfigurationPlatforms) = postSolution
		{157CF8D5-C8D8-44EF-818D-940581EBADB4}.Debug|Any CPU.ActiveCfg = Debug|Any CPU
		{157CF8D5-C8D8-44EF-818D-940581EBADB4}.Debug|Any CPU.Build.0 = Debug|Any CPU
		{157CF8D5-C8D8-44EF-818D-940581EBADB4}.Release|Any CPU.ActiveCfg = Release|Any CPU
		{157CF8D5-C8D8-44EF-818D-940581EBADB4}.Release|Any CPU.Build.0 = Release|Any CPU
	EndGlobalSection
	GlobalSection(SolutionProperties) = preSolution
		HideSolutionNode = FALSE
	EndGlobalSection
	GlobalSection(ExtensibilityGlobals) = postSolution
		SolutionGuid = {FBCADB2B-2BC9-4451-98D1-CA75E15C3BD0}
	EndGlobalSection
EndGlobal
